
Microsoft Visual Studio Solution File, Format Version 12.00
# Visual Studio 15
VisualStudioVersion = 15.0.27130.2036
MinimumVisualStudioVersion = 10.0.40219.1
Project("{FAE04EC0-301F-11D3-BF4B-00C04F79EFBC}") = "MVC_Security", "MVC_Security\MVC_Security.csproj", "{2A3D51C3-05B5-4E57-8C5A-A01267972330}"
EndProject
Global
	GlobalSection(SolutionConfigurationPlatforms) = preSolution
		Debug|Any CPU = Debug|Any CPU
		Release|Any CPU = Release|Any CPU
	EndGlobalSection
	GlobalSection(ProjectConfigurationPlatforms) = postSolution
		{2A3D51C3-05B5-4E57-8C5A-A01267972330}.Debug|Any CPU.ActiveCfg = Debug|Any CPU
		{2A3D51C3-05B5-4E57-8C5A-A01267972330}.Debug|Any CPU.Build.0 = Debug|Any CPU
		{2A3D51C3-05B5-4E57-8C5A-A01267972330}.Release|Any CPU.ActiveCfg = Release|Any CPU
		{2A3D51C3-05B5-4E57-8C5A-A01267972330}.Release|Any CPU.Build.0 = Release|Any CPU
	EndGlobalSection
	GlobalSection(SolutionProperties) = preSolution
		HideSolutionNode = FALSE
	EndGlobalSection
	GlobalSection(ExtensibilityGlobals) = postSolution
		SolutionGuid = {8671623C-4498-4937-BAFF-80624713D40E}
	EndGlobalSection
EndGlobal
